
Microsoft Visual Studio Solution File, Format Version 12.00
# Visual Studio Version 17
VisualStudioVersion = 17.3.32929.385
MinimumVisualStudioVersion = 10.0.40219.1
Project("{FAE04EC0-301F-11D3-BF4B-00C04F79EFBC}") = "CodingChallanges", "CodingChallanges\CodingChallanges.csproj", "{77559D66-AD9A-4EEF-984A-F6F31D882996}"
EndProject
Project("{FAE04EC0-301F-11D3-BF4B-00C04F79EFBC}") = "CodingChallanges.Tests", "CodingChallanges.Tests\CodingChallanges.Tests.csproj", "{251B81EF-BD0C-4995-B559-5B6D02124BB6}"
EndProject
Global
	GlobalSection(SolutionConfigurationPlatforms) = preSolution
		Debug|Any CPU = Debug|Any CPU
		Release|Any CPU = Release|Any CPU
	EndGlobalSection
	GlobalSection(ProjectConfigurationPlatforms) = postSolution
		{77559D66-AD9A-4EEF-984A-F6F31D882996}.Debug|Any CPU.ActiveCfg = Debug|Any CPU
		{77559D66-AD9A-4EEF-984A-F6F31D882996}.Debug|Any CPU.Build.0 = Debug|Any CPU
		{77559D66-AD9A-4EEF-984A-F6F31D882996}.Release|Any CPU.ActiveCfg = Release|Any CPU
		{77559D66-AD9A-4EEF-984A-F6F31D882996}.Release|Any CPU.Build.0 = Release|Any CPU
		{251B81EF-BD0C-4995-B559-5B6D02124BB6}.Debug|Any CPU.ActiveCfg = Debug|Any CPU
		{251B81EF-BD0C-4995-B559-5B6D02124BB6}.Debug|Any CPU.Build.0 = Debug|Any CPU
		{251B81EF-BD0C-4995-B559-5B6D02124BB6}.Release|Any CPU.ActiveCfg = Release|Any CPU
		{251B81EF-BD0C-4995-B559-5B6D02124BB6}.Release|Any CPU.Build.0 = Release|Any CPU
	EndGlobalSection
	GlobalSection(SolutionProperties) = preSolution
		HideSolutionNode = FALSE
	EndGlobalSection
	GlobalSection(ExtensibilityGlobals) = postSolution
		SolutionGuid = {1A16B452-8745-41E3-A027-16265F6075DC}
	EndGlobalSection
EndGlobal
